
Microsoft Visual Studio Solution File, Format Version 11.00
# Visual Studio 2010
Project("{FAE04EC0-301F-11D3-BF4B-00C04F79EFBC}") = "LibraryProject", "LibraryProject.csproj", "{B0880455-BE1F-40F5-8119-4095648FFFB7}"
EndProject
Global
	GlobalSection(SolutionConfigurationPlatforms) = preSolution
		Debug|Any CPU = Debug|Any CPU
		Release|Any CPU = Release|Any CPU
	EndGlobalSection
	GlobalSection(ProjectConfigurationPlatforms) = postSolution
		{B0880455-BE1F-40F5-8119-4095648FFFB7}.Debug|Any CPU.ActiveCfg = Debug|Any CPU
		{B0880455-BE1F-40F5-8119-4095648FFFB7}.Debug|Any CPU.Build.0 = Debug|Any CPU
		{B0880455-BE1F-40F5-8119-4095648FFFB7}.Release|Any CPU.ActiveCfg = Release|Any CPU
		{B0880455-BE1F-40F5-8119-4095648FFFB7}.Release|Any CPU.Build.0 = Release|Any CPU
	EndGlobalSection
	GlobalSection(MonoDevelopProperties) = preSolution
		StartupItem = LibraryProject.csproj
	EndGlobalSection
EndGlobal
