
Microsoft Visual Studio Solution File, Format Version 11.00
# Visual Studio 2010
Project("{FAE04EC0-301F-11D3-BF4B-00C04F79EFBC}") = "UnitTests", "UnitTests\UnitTests.csproj", "{F4CC235F-E303-4D22-9BC5-C4E02A4BE140}"
EndProject
Global
	GlobalSection(SolutionConfigurationPlatforms) = preSolution
		Debug|iPhoneSimulator = Debug|iPhoneSimulator
		Release|iPhoneSimulator = Release|iPhoneSimulator
		Debug|iPhone = Debug|iPhone
		Release|iPhone = Release|iPhone
		Ad-Hoc|iPhone = Ad-Hoc|iPhone
		AppStore|iPhone = AppStore|iPhone
	EndGlobalSection
	GlobalSection(ProjectConfigurationPlatforms) = postSolution
		{F4CC235F-E303-4D22-9BC5-C4E02A4BE140}.Ad-Hoc|iPhone.ActiveCfg = Ad-Hoc|iPhone
		{F4CC235F-E303-4D22-9BC5-C4E02A4BE140}.Ad-Hoc|iPhone.Build.0 = Ad-Hoc|iPhone
		{F4CC235F-E303-4D22-9BC5-C4E02A4BE140}.AppStore|iPhone.ActiveCfg = AppStore|iPhone
		{F4CC235F-E303-4D22-9BC5-C4E02A4BE140}.AppStore|iPhone.Build.0 = AppStore|iPhone
		{F4CC235F-E303-4D22-9BC5-C4E02A4BE140}.Debug|iPhone.ActiveCfg = Debug|iPhone
		{F4CC235F-E303-4D22-9BC5-C4E02A4BE140}.Debug|iPhone.Build.0 = Debug|iPhone
		{F4CC235F-E303-4D22-9BC5-C4E02A4BE140}.Debug|iPhoneSimulator.ActiveCfg = Debug|iPhoneSimulator
		{F4CC235F-E303-4D22-9BC5-C4E02A4BE140}.Debug|iPhoneSimulator.Build.0 = Debug|iPhoneSimulator
		{F4CC235F-E303-4D22-9BC5-C4E02A4BE140}.Release|iPhone.ActiveCfg = Release|iPhone
		{F4CC235F-E303-4D22-9BC5-C4E02A4BE140}.Release|iPhone.Build.0 = Release|iPhone
		{F4CC235F-E303-4D22-9BC5-C4E02A4BE140}.Release|iPhoneSimulator.ActiveCfg = Release|iPhoneSimulator
		{F4CC235F-E303-4D22-9BC5-C4E02A4BE140}.Release|iPhoneSimulator.Build.0 = Release|iPhoneSimulator
	EndGlobalSection
	GlobalSection(MonoDevelopProperties) = preSolution
		StartupItem = UnitTests\UnitTests.csproj
	EndGlobalSection
EndGlobal
