
Microsoft Visual Studio Solution File, Format Version 11.00
# Visual Studio 2010
Project("{FAE04EC0-301F-11D3-BF4B-00C04F79EFBC}") = "iPhoneEmptyProject", "iPhoneEmptyProject.csproj", "{107E2437-7DB6-481B-9C82-37369415261F}"
EndProject
Global
	GlobalSection(SolutionConfigurationPlatforms) = preSolution
		Debug|iPhoneSimulator = Debug|iPhoneSimulator
		Release|iPhoneSimulator = Release|iPhoneSimulator
		Debug|iPhone = Debug|iPhone
		Release|iPhone = Release|iPhone
		Ad-Hoc|iPhone = Ad-Hoc|iPhone
		AppStore|iPhone = AppStore|iPhone
	EndGlobalSection
	GlobalSection(ProjectConfigurationPlatforms) = postSolution
		{107E2437-7DB6-481B-9C82-37369415261F}.Ad-Hoc|iPhone.ActiveCfg = Ad-Hoc|iPhone
		{107E2437-7DB6-481B-9C82-37369415261F}.Ad-Hoc|iPhone.Build.0 = Ad-Hoc|iPhone
		{107E2437-7DB6-481B-9C82-37369415261F}.AppStore|iPhone.ActiveCfg = AppStore|iPhone
		{107E2437-7DB6-481B-9C82-37369415261F}.AppStore|iPhone.Build.0 = AppStore|iPhone
		{107E2437-7DB6-481B-9C82-37369415261F}.Debug|iPhone.ActiveCfg = Debug|iPhone
		{107E2437-7DB6-481B-9C82-37369415261F}.Debug|iPhone.Build.0 = Debug|iPhone
		{107E2437-7DB6-481B-9C82-37369415261F}.Debug|iPhoneSimulator.ActiveCfg = Debug|iPhoneSimulator
		{107E2437-7DB6-481B-9C82-37369415261F}.Debug|iPhoneSimulator.Build.0 = Debug|iPhoneSimulator
		{107E2437-7DB6-481B-9C82-37369415261F}.Release|iPhone.ActiveCfg = Release|iPhone
		{107E2437-7DB6-481B-9C82-37369415261F}.Release|iPhone.Build.0 = Release|iPhone
		{107E2437-7DB6-481B-9C82-37369415261F}.Release|iPhoneSimulator.ActiveCfg = Release|iPhoneSimulator
		{107E2437-7DB6-481B-9C82-37369415261F}.Release|iPhoneSimulator.Build.0 = Release|iPhoneSimulator
	EndGlobalSection
	GlobalSection(MonoDevelopProperties) = preSolution
		StartupItem = iPhoneEmptyProject.csproj
	EndGlobalSection
EndGlobal
